
Microsoft Visual Studio Solution File, Format Version 12.00
# Visual Studio Version 17
VisualStudioVersion = 17.5.33516.290
MinimumVisualStudioVersion = 10.0.40219.1
Project("{8BC9CEB8-8B4A-11D0-8D11-00A0C91BC942}") = "BT01", "BT01\BT01.vcxproj", "{8D5D5640-ED96-42B3-80EF-C977429BCBAA}"
EndProject
Project("{8BC9CEB8-8B4A-11D0-8D11-00A0C91BC942}") = "BT02", "BT02\BT02.vcxproj", "{B58CADB3-6667-454B-A203-C98AB7D28172}"
EndProject
Project("{8BC9CEB8-8B4A-11D0-8D11-00A0C91BC942}") = "BT03", "BT03\BT03.vcxproj", "{F9E19F0E-9139-4C8F-BE47-D80E5B896D72}"
EndProject
Project("{8BC9CEB8-8B4A-11D0-8D11-00A0C91BC942}") = "BT04", "BT04\BT04.vcxproj", "{7AB72558-754D-43AF-8D9B-4A507060C77C}"
EndProject
Project("{8BC9CEB8-8B4A-11D0-8D11-00A0C91BC942}") = "BT05", "BT05\BT05.vcxproj", "{91C694A1-79E8-4003-A432-3636952078E2}"
EndProject
Project("{8BC9CEB8-8B4A-11D0-8D11-00A0C91BC942}") = "BT06", "BT06\BT06.vcxproj", "{98BF6467-D25E-40AD-ADFC-028FE6CF9FEA}"
EndProject
Project("{8BC9CEB8-8B4A-11D0-8D11-00A0C91BC942}") = "BT07", "BT07\BT07.vcxproj", "{C125027A-9CD6-4670-AEC0-0B0A871021E6}"
EndProject
Project("{8BC9CEB8-8B4A-11D0-8D11-00A0C91BC942}") = "BT08", "BT08\BT08.vcxproj", "{79DA3BD9-AE6F-42F0-8FEE-8BDEAEFB9140}"
EndProject
Project("{8BC9CEB8-8B4A-11D0-8D11-00A0C91BC942}") = "BT09", "BT09\BT09.vcxproj", "{2743071E-8473-4BD2-94FA-4948F297E64C}"
EndProject
Project("{8BC9CEB8-8B4A-11D0-8D11-00A0C91BC942}") = "BT10", "BT10\BT10.vcxproj", "{BFA8F126-3622-411A-8631-FA781F3AE340}"
EndProject
Project("{8BC9CEB8-8B4A-11D0-8D11-00A0C91BC942}") = "BT11", "BT11\BT11.vcxproj", "{586C06BB-AF05-4926-812E-DA3D728369C8}"
EndProject
Project("{8BC9CEB8-8B4A-11D0-8D11-00A0C91BC942}") = "BT12", "BT12\BT12.vcxproj", "{288D2D35-9409-4D9F-BDB2-61DDA6E2E8EC}"
EndProject
Global
	GlobalSection(SolutionConfigurationPlatforms) = preSolution
		Debug|x64 = Debug|x64
		Debug|x86 = Debug|x86
		Release|x64 = Release|x64
		Release|x86 = Release|x86
	EndGlobalSection
	GlobalSection(ProjectConfigurationPlatforms) = postSolution
		{8D5D5640-ED96-42B3-80EF-C977429BCBAA}.Debug|x64.ActiveCfg = Debug|x64
		{8D5D5640-ED96-42B3-80EF-C977429BCBAA}.Debug|x64.Build.0 = Debug|x64
		{8D5D5640-ED96-42B3-80EF-C977429BCBAA}.Debug|x86.ActiveCfg = Debug|Win32
		{8D5D5640-ED96-42B3-80EF-C977429BCBAA}.Debug|x86.Build.0 = Debug|Win32
		{8D5D5640-ED96-42B3-80EF-C977429BCBAA}.Release|x64.ActiveCfg = Release|x64
		{8D5D5640-ED96-42B3-80EF-C977429BCBAA}.Release|x64.Build.0 = Release|x64
		{8D5D5640-ED96-42B3-80EF-C977429BCBAA}.Release|x86.ActiveCfg = Release|Win32
		{8D5D5640-ED96-42B3-80EF-C977429BCBAA}.Release|x86.Build.0 = Release|Win32
		{B58CADB3-6667-454B-A203-C98AB7D28172}.Debug|x64.ActiveCfg = Debug|x64
		{B58CADB3-6667-454B-A203-C98AB7D28172}.Debug|x64.Build.0 = Debug|x64
		{B58CADB3-6667-454B-A203-C98AB7D28172}.Debug|x86.ActiveCfg = Debug|Win32
		{B58CADB3-6667-454B-A203-C98AB7D28172}.Debug|x86.Build.0 = Debug|Win32
		{B58CADB3-6667-454B-A203-C98AB7D28172}.Release|x64.ActiveCfg = Release|x64
		{B58CADB3-6667-454B-A203-C98AB7D28172}.Release|x64.Build.0 = Release|x64
		{B58CADB3-6667-454B-A203-C98AB7D28172}.Release|x86.ActiveCfg = Release|Win32
		{B58CADB3-6667-454B-A203-C98AB7D28172}.Release|x86.Build.0 = Release|Win32
		{F9E19F0E-9139-4C8F-BE47-D80E5B896D72}.Debug|x64.ActiveCfg = Debug|x64
		{F9E19F0E-9139-4C8F-BE47-D80E5B896D72}.Debug|x64.Build.0 = Debug|x64
		{F9E19F0E-9139-4C8F-BE47-D80E5B896D72}.Debug|x86.ActiveCfg = Debug|Win32
		{F9E19F0E-9139-4C8F-BE47-D80E5B896D72}.Debug|x86.Build.0 = Debug|Win32
		{F9E19F0E-9139-4C8F-BE47-D80E5B896D72}.Release|x64.ActiveCfg = Release|x64
		{F9E19F0E-9139-4C8F-BE47-D80E5B896D72}.Release|x64.Build.0 = Release|x64
		{F9E19F0E-9139-4C8F-BE47-D80E5B896D72}.Release|x86.ActiveCfg = Release|Win32
		{F9E19F0E-9139-4C8F-BE47-D80E5B896D72}.Release|x86.Build.0 = Release|Win32
		{7AB72558-754D-43AF-8D9B-4A507060C77C}.Debug|x64.ActiveCfg = Debug|x64
		{7AB72558-754D-43AF-8D9B-4A507060C77C}.Debug|x64.Build.0 = Debug|x64
		{7AB72558-754D-43AF-8D9B-4A507060C77C}.Debug|x86.ActiveCfg = Debug|Win32
		{7AB72558-754D-43AF-8D9B-4A507060C77C}.Debug|x86.Build.0 = Debug|Win32
		{7AB72558-754D-43AF-8D9B-4A507060C77C}.Release|x64.ActiveCfg = Release|x64
		{7AB72558-754D-43AF-8D9B-4A507060C77C}.Release|x64.Build.0 = Release|x64
		{7AB72558-754D-43AF-8D9B-4A507060C77C}.Release|x86.ActiveCfg = Release|Win32
		{7AB72558-754D-43AF-8D9B-4A507060C77C}.Release|x86.Build.0 = Release|Win32
		{91C694A1-79E8-4003-A432-3636952078E2}.Debug|x64.ActiveCfg = Debug|x64
		{91C694A1-79E8-4003-A432-3636952078E2}.Debug|x64.Build.0 = Debug|x64
		{91C694A1-79E8-4003-A432-3636952078E2}.Debug|x86.ActiveCfg = Debug|Win32
		{91C694A1-79E8-4003-A432-3636952078E2}.Debug|x86.Build.0 = Debug|Win32
		{91C694A1-79E8-4003-A432-3636952078E2}.Release|x64.ActiveCfg = Release|x64
		{91C694A1-79E8-4003-A432-3636952078E2}.Release|x64.Build.0 = Release|x64
		{91C694A1-79E8-4003-A432-3636952078E2}.Release|x86.ActiveCfg = Release|Win32
		{91C694A1-79E8-4003-A432-3636952078E2}.Release|x86.Build.0 = Release|Win32
		{98BF6467-D25E-40AD-ADFC-028FE6CF9FEA}.Debug|x64.ActiveCfg = Debug|x64
		{98BF6467-D25E-40AD-ADFC-028FE6CF9FEA}.Debug|x64.Build.0 = Debug|x64
		{98BF6467-D25E-40AD-ADFC-028FE6CF9FEA}.Debug|x86.ActiveCfg = Debug|Win32
		{98BF6467-D25E-40AD-ADFC-028FE6CF9FEA}.Debug|x86.Build.0 = Debug|Win32
		{98BF6467-D25E-40AD-ADFC-028FE6CF9FEA}.Release|x64.ActiveCfg = Release|x64
		{98BF6467-D25E-40AD-ADFC-028FE6CF9FEA}.Release|x64.Build.0 = Release|x64
		{98BF6467-D25E-40AD-ADFC-028FE6CF9FEA}.Release|x86.ActiveCfg = Release|Win32
		{98BF6467-D25E-40AD-ADFC-028FE6CF9FEA}.Release|x86.Build.0 = Release|Win32
		{C125027A-9CD6-4670-AEC0-0B0A871021E6}.Debug|x64.ActiveCfg = Debug|x64
		{C125027A-9CD6-4670-AEC0-0B0A871021E6}.Debug|x64.Build.0 = Debug|x64
		{C125027A-9CD6-4670-AEC0-0B0A871021E6}.Debug|x86.ActiveCfg = Debug|Win32
		{C125027A-9CD6-4670-AEC0-0B0A871021E6}.Debug|x86.Build.0 = Debug|Win32
		{C125027A-9CD6-4670-AEC0-0B0A871021E6}.Release|x64.ActiveCfg = Release|x64
		{C125027A-9CD6-4670-AEC0-0B0A871021E6}.Release|x64.Build.0 = Release|x64
		{C125027A-9CD6-4670-AEC0-0B0A871021E6}.Release|x86.ActiveCfg = Release|Win32
		{C125027A-9CD6-4670-AEC0-0B0A871021E6}.Release|x86.Build.0 = Release|Win32
		{79DA3BD9-AE6F-42F0-8FEE-8BDEAEFB9140}.Debug|x64.ActiveCfg = Debug|x64
		{79DA3BD9-AE6F-42F0-8FEE-8BDEAEFB9140}.Debug|x64.Build.0 = Debug|x64
		{79DA3BD9-AE6F-42F0-8FEE-8BDEAEFB9140}.Debug|x86.ActiveCfg = Debug|Win32
		{79DA3BD9-AE6F-42F0-8FEE-8BDEAEFB9140}.Debug|x86.Build.0 = Debug|Win32
		{79DA3BD9-AE6F-42F0-8FEE-8BDEAEFB9140}.Release|x64.ActiveCfg = Release|x64
		{79DA3BD9-AE6F-42F0-8FEE-8BDEAEFB9140}.Release|x64.Build.0 = Release|x64
		{79DA3BD9-AE6F-42F0-8FEE-8BDEAEFB9140}.Release|x86.ActiveCfg = Release|Win32
		{79DA3BD9-AE6F-42F0-8FEE-8BDEAEFB9140}.Release|x86.Build.0 = Release|Win32
		{2743071E-8473-4BD2-94FA-4948F297E64C}.Debug|x64.ActiveCfg = Debug|x64
		{2743071E-8473-4BD2-94FA-4948F297E64C}.Debug|x64.Build.0 = Debug|x64
		{2743071E-8473-4BD2-94FA-4948F297E64C}.Debug|x86.ActiveCfg = Debug|Win32
		{2743071E-8473-4BD2-94FA-4948F297E64C}.Debug|x86.Build.0 = Debug|Win32
		{2743071E-8473-4BD2-94FA-4948F297E64C}.Release|x64.ActiveCfg = Release|x64
		{2743071E-8473-4BD2-94FA-4948F297E64C}.Release|x64.Build.0 = Release|x64
		{2743071E-8473-4BD2-94FA-4948F297E64C}.Release|x86.ActiveCfg = Release|Win32
		{2743071E-8473-4BD2-94FA-4948F297E64C}.Release|x86.Build.0 = Release|Win32
		{BFA8F126-3622-411A-8631-FA781F3AE340}.Debug|x64.ActiveCfg = Debug|x64
		{BFA8F126-3622-411A-8631-FA781F3AE340}.Debug|x64.Build.0 = Debug|x64
		{BFA8F126-3622-411A-8631-FA781F3AE340}.Debug|x86.ActiveCfg = Debug|Win32
		{BFA8F126-3622-411A-8631-FA781F3AE340}.Debug|x86.Build.0 = Debug|Win32
		{BFA8F126-3622-411A-8631-FA781F3AE340}.Release|x64.ActiveCfg = Release|x64
		{BFA8F126-3622-411A-8631-FA781F3AE340}.Release|x64.Build.0 = Release|x64
		{BFA8F126-3622-411A-8631-FA781F3AE340}.Release|x86.ActiveCfg = Release|Win32
		{BFA8F126-3622-411A-8631-FA781F3AE340}.Release|x86.Build.0 = Release|Win32
		{586C06BB-AF05-4926-812E-DA3D728369C8}.Debug|x64.ActiveCfg = Debug|x64
		{586C06BB-AF05-4926-812E-DA3D728369C8}.Debug|x64.Build.0 = Debug|x64
		{586C06BB-AF05-4926-812E-DA3D728369C8}.Debug|x86.ActiveCfg = Debug|Win32
		{586C06BB-AF05-4926-812E-DA3D728369C8}.Debug|x86.Build.0 = Debug|Win32
		{586C06BB-AF05-4926-812E-DA3D728369C8}.Release|x64.ActiveCfg = Release|x64
		{586C06BB-AF05-4926-812E-DA3D728369C8}.Release|x64.Build.0 = Release|x64
		{586C06BB-AF05-4926-812E-DA3D728369C8}.Release|x86.ActiveCfg = Release|Win32
		{586C06BB-AF05-4926-812E-DA3D728369C8}.Release|x86.Build.0 = Release|Win32
		{288D2D35-9409-4D9F-BDB2-61DDA6E2E8EC}.Debug|x64.ActiveCfg = Debug|x64
		{288D2D35-9409-4D9F-BDB2-61DDA6E2E8EC}.Debug|x64.Build.0 = Debug|x64
		{288D2D35-9409-4D9F-BDB2-61DDA6E2E8EC}.Debug|x86.ActiveCfg = Debug|Win32
		{288D2D35-9409-4D9F-BDB2-61DDA6E2E8EC}.Debug|x86.Build.0 = Debug|Win32
		{288D2D35-9409-4D9F-BDB2-61DDA6E2E8EC}.Release|x64.ActiveCfg = Release|x64
		{288D2D35-9409-4D9F-BDB2-61DDA6E2E8EC}.Release|x64.Build.0 = Release|x64
		{288D2D35-9409-4D9F-BDB2-61DDA6E2E8EC}.Release|x86.ActiveCfg = Release|Win32
		{288D2D35-9409-4D9F-BDB2-61DDA6E2E8EC}.Release|x86.Build.0 = Release|Win32
	EndGlobalSection
	GlobalSection(SolutionProperties) = preSolution
		HideSolutionNode = FALSE
	EndGlobalSection
	GlobalSection(ExtensibilityGlobals) = postSolution
		SolutionGuid = {B15BA447-5366-441D-A907-893A85ACCD88}
	EndGlobalSection
EndGlobal
